
Microsoft Visual Studio Solution File, Format Version 12.00
# Visual Studio Version 17
VisualStudioVersion = 17.8.34330.188
MinimumVisualStudioVersion = 10.0.40219.1
Project("{9A19103F-16F7-4668-BE54-9A1E7A4F7556}") = "MinCLR.SimpleWebServer", "MinCLR.SimpleWebServer\MinCLR.SimpleWebServer.csproj", "{30BEE503-05EE-4A08-B9FF-6D7D33473E20}"
EndProject
Global
	GlobalSection(SolutionConfigurationPlatforms) = preSolution
		Debug|Any CPU = Debug|Any CPU
		Release|Any CPU = Release|Any CPU
	EndGlobalSection
	GlobalSection(ProjectConfigurationPlatforms) = postSolution
		{30BEE503-05EE-4A08-B9FF-6D7D33473E20}.Debug|Any CPU.ActiveCfg = Debug|Any CPU
		{30BEE503-05EE-4A08-B9FF-6D7D33473E20}.Debug|Any CPU.Build.0 = Debug|Any CPU
		{30BEE503-05EE-4A08-B9FF-6D7D33473E20}.Release|Any CPU.ActiveCfg = Release|Any CPU
		{30BEE503-05EE-4A08-B9FF-6D7D33473E20}.Release|Any CPU.Build.0 = Release|Any CPU
	EndGlobalSection
	GlobalSection(SolutionProperties) = preSolution
		HideSolutionNode = FALSE
	EndGlobalSection
	GlobalSection(ExtensibilityGlobals) = postSolution
		SolutionGuid = {ACBB4E07-B85A-481A-B655-0F464C526169}
	EndGlobalSection
EndGlobal
